{
  "requires": true,
  "lockfileVersion": 1,
  "dependencies": {
    "opencollective-postinstall": {
      "version": "2.0.3",
      "resolved": "https://registry.npmjs.org/opencollective-postinstall/-/opencollective-postinstall-2.0.3.tgz",
      "integrity": "sha512-8AV/sCtuzUeTo8gQK5qDZzARrulB3egtLzFgteqB2tcT4Mw7B8Kt7JcDHmltjz6FOAHsvTevk70gZEbhM4ZS9Q=="
    },
    "vue-ls": {
      "version": "3.2.2",
      "resolved": "https://registry.npmjs.org/vue-ls/-/vue-ls-3.2.2.tgz",
      "integrity": "sha512-xros9Zheckv+8x9PerHvWe5SMYud0+ZlPAMrKWKNtDN/usMOKRoluj6kBZyQo6BxwpmiBL8/EjKMYjxmCNXOMg==",
      "requires": {
        "opencollective-postinstall": "^2.0.2"
      }
    }
  }
}
